// !$*UTF8*$!
{
	archiveVersion = 1;
	classes = {
	};
	objectVersion = 55;
	objects = {

/* Begin PBXBuildFile section */
		98A5868128CE0207007B6F37 /* OnboardingContainerViewController.swift in Sources */ = {isa = PBXBuildFile; fileRef = 98A5868028CE0207007B6F37 /* OnboardingContainerViewController.swift */; };
		98A5868328CE2DFD007B6F37 /* OnboardingViewController.swift in Sources */ = {isa = PBXBuildFile; fileRef = 98A5868228CE2DFD007B6F37 /* OnboardingViewController.swift */; };
		98A5868528CE8BDD007B6F37 /* DummyViewController.swift in Sources */ = {isa = PBXBuildFile; fileRef = 98A5868428CE8BDD007B6F37 /* DummyViewController.swift */; };
		98A5868828CE9231007B6F37 /* LocalState.swift in Sources */ = {isa = PBXBuildFile; fileRef = 98A5868728CE9231007B6F37 /* LocalState.swift */; };
		98A5868A28CEA8A1007B6F37 /* UIViewController+Utils.swift in Sources */ = {isa = PBXBuildFile; fileRef = 98A5868928CEA8A1007B6F37 /* UIViewController+Utils.swift */; };
		98A5868C28CEAAE6007B6F37 /* MainViewController.swift in Sources */ = {isa = PBXBuildFile; fileRef = 98A5868B28CEAAE6007B6F37 /* MainViewController.swift */; };
		98B377FD28CBC8C200B9D702 /* AppDelegate.swift in Sources */ = {isa = PBXBuildFile; fileRef = 98B377FC28CBC8C200B9D702 /* AppDelegate.swift */; };
		98B3780128CBC8C200B9D702 /* LoginViewController.swift in Sources */ = {isa = PBXBuildFile; fileRef = 98B3780028CBC8C200B9D702 /* LoginViewController.swift */; };
		98B3780628CBC8C600B9D702 /* Assets.xcassets in Resources */ = {isa = PBXBuildFile; fileRef = 98B3780528CBC8C600B9D702 /* Assets.xcassets */; };
		98B3780928CBC8C600B9D702 /* LaunchScreen.storyboard in Resources */ = {isa = PBXBuildFile; fileRef = 98B3780728CBC8C600B9D702 /* LaunchScreen.storyboard */; };
		98E3E97B28CBFEB8005B3F71 /* LoginView.swift in Sources */ = {isa = PBXBuildFile; fileRef = 98E3E97A28CBFEB8005B3F71 /* LoginView.swift */; };
/* End PBXBuildFile section */

/* Begin PBXFileReference section */
		98A5868028CE0207007B6F37 /* OnboardingContainerViewController.swift */ = {isa = PBXFileReference; lastKnownFileType = sourcecode.swift; path = OnboardingContainerViewController.swift; sourceTree = "<group>"; };
		98A5868228CE2DFD007B6F37 /* OnboardingViewController.swift */ = {isa = PBXFileReference; lastKnownFileType = sourcecode.swift; path = OnboardingViewController.swift; sourceTree = "<group>"; };
		98A5868428CE8BDD007B6F37 /* DummyViewController.swift */ = {isa = PBXFileReference; lastKnownFileType = sourcecode.swift; path = DummyViewController.swift; sourceTree = "<group>"; };
		98A5868728CE9231007B6F37 /* LocalState.swift */ = {isa = PBXFileReference; lastKnownFileType = sourcecode.swift; path = LocalState.swift; sourceTree = "<group>"; };
		98A5868928CEA8A1007B6F37 /* UIViewController+Utils.swift */ = {isa = PBXFileReference; lastKnownFileType = sourcecode.swift; path = "UIViewController+Utils.swift"; sourceTree = "<group>"; };
		98A5868B28CEAAE6007B6F37 /* MainViewController.swift */ = {isa = PBXFileReference; lastKnownFileType = sourcecode.swift; path = MainViewController.swift; sourceTree = "<group>"; };
		98B377F928CBC8C200B9D702 /* Bankey.app */ = {isa = PBXFileReference; explicitFileType = wrapper.application; includeInIndex = 0; path = Bankey.app; sourceTree = BUILT_PRODUCTS_DIR; };
		98B377FC28CBC8C200B9D702 /* AppDelegate.swift */ = {isa = PBXFileReference; lastKnownFileType = sourcecode.swift; path = AppDelegate.swift; sourceTree = "<group>"; };
		98B3780028CBC8C200B9D702 /* LoginViewController.swift */ = {isa = PBXFileReference; lastKnownFileType = sourcecode.swift; path = LoginViewController.swift; sourceTree = "<group>"; };
		98B3780528CBC8C600B9D702 /* Assets.xcassets */ = {isa = PBXFileReference; lastKnownFileType = folder.assetcatalog; path = Assets.xcassets; sourceTree = "<group>"; };
		98B3780828CBC8C600B9D702 /* Base */ = {isa = PBXFileReference; lastKnownFileType = file.storyboard; name = Base; path = Base.lproj/LaunchScreen.storyboard; sourceTree = "<group>"; };
		98B3780A28CBC8C600B9D702 /* Info.plist */ = {isa = PBXFileReference; lastKnownFileType = text.plist.xml; path = Info.plist; sourceTree = "<group>"; };
		98E3E97A28CBFEB8005B3F71 /* LoginView.swift */ = {isa = PBXFileReference; lastKnownFileType = sourcecode.swift; path = LoginView.swift; sourceTree = "<group>"; };
/* End PBXFileReference section */

/* Begin PBXFrameworksBuildPhase section */
		98B377F628CBC8C200B9D702 /* Frameworks */ = {
			isa = PBXFrameworksBuildPhase;
			buildActionMask = 2147483647;
			files = (
			);
			runOnlyForDeploymentPostprocessing = 0;
		};
/* End PBXFrameworksBuildPhase section */

/* Begin PBXGroup section */
		98A5867F28CE01E7007B6F37 /* Onboarding */ = {
			isa = PBXGroup;
			children = (
				98A5868028CE0207007B6F37 /* OnboardingContainerViewController.swift */,
				98A5868228CE2DFD007B6F37 /* OnboardingViewController.swift */,
			);
			path = Onboarding;
			sourceTree = "<group>";
		};
		98A5868628CE9228007B6F37 /* Utils */ = {
			isa = PBXGroup;
			children = (
				98A5868728CE9231007B6F37 /* LocalState.swift */,
				98A5868928CEA8A1007B6F37 /* UIViewController+Utils.swift */,
			);
			path = Utils;
			sourceTree = "<group>";
		};
		98B377F028CBC8C200B9D702 = {
			isa = PBXGroup;
			children = (
				98B377FB28CBC8C200B9D702 /* Bankey */,
				98B377FA28CBC8C200B9D702 /* Products */,
			);
			sourceTree = "<group>";
		};
		98B377FA28CBC8C200B9D702 /* Products */ = {
			isa = PBXGroup;
			children = (
				98B377F928CBC8C200B9D702 /* Bankey.app */,
			);
			name = Products;
			sourceTree = "<group>";
		};
		98B377FB28CBC8C200B9D702 /* Bankey */ = {
			isa = PBXGroup;
			children = (
				98B377FC28CBC8C200B9D702 /* AppDelegate.swift */,
				98E3E97928CBFE57005B3F71 /* Login */,
				98A5867F28CE01E7007B6F37 /* Onboarding */,
				98A5868628CE9228007B6F37 /* Utils */,
				98E3E97828CBFDB3005B3F71 /* Files */,
				98A5868B28CEAAE6007B6F37 /* MainViewController.swift */,
			);
			path = Bankey;
			sourceTree = "<group>";
		};
		98E3E97828CBFDB3005B3F71 /* Files */ = {
			isa = PBXGroup;
			children = (
				98B3780528CBC8C600B9D702 /* Assets.xcassets */,
				98B3780728CBC8C600B9D702 /* LaunchScreen.storyboard */,
				98B3780A28CBC8C600B9D702 /* Info.plist */,
			);
			name = Files;
			sourceTree = "<group>";
		};
		98E3E97928CBFE57005B3F71 /* Login */ = {
			isa = PBXGroup;
			children = (
				98B3780028CBC8C200B9D702 /* LoginViewController.swift */,
				98E3E97A28CBFEB8005B3F71 /* LoginView.swift */,
				98A5868428CE8BDD007B6F37 /* DummyViewController.swift */,
			);
			path = Login;
			sourceTree = "<group>";
		};
/* End PBXGroup section */

/* Begin PBXNativeTarget section */
		98B377F828CBC8C200B9D702 /* Bankey */ = {
			isa = PBXNativeTarget;
			buildConfigurationList = 98B3780D28CBC8C600B9D702 /* Build configuration list for PBXNativeTarget "Bankey" */;
			buildPhases = (
				98B377F528CBC8C200B9D702 /* Sources */,
				98B377F628CBC8C200B9D702 /* Frameworks */,
				98B377F728CBC8C200B9D702 /* Resources */,
			);
			buildRules = (
			);
			dependencies = (
			);
			name = Bankey;
			productName = Bankey;
			productReference = 98B377F928CBC8C200B9D702 /* Bankey.app */;
			productType = "com.apple.product-type.application";
		};
/* End PBXNativeTarget section */

/* Begin PBXProject section */
		98B377F128CBC8C200B9D702 /* Project object */ = {
			isa = PBXProject;
			attributes = {
				BuildIndependentTargetsInParallel = 1;
				LastSwiftUpdateCheck = 1340;
				LastUpgradeCheck = 1340;
				TargetAttributes = {
					98B377F828CBC8C200B9D702 = {
						CreatedOnToolsVersion = 13.4.1;
					};
				};
			};
			buildConfigurationList = 98B377F428CBC8C200B9D702 /* Build configuration list for PBXProject "Bankey" */;
			compatibilityVersion = "Xcode 13.0";
			developmentRegion = en;
			hasScannedForEncodings = 0;
			knownRegions = (
				en,
				Base,
			);
			mainGroup = 98B377F028CBC8C200B9D702;
			productRefGroup = 98B377FA28CBC8C200B9D702 /* Products */;
			projectDirPath = "";
			projectRoot = "";
			targets = (
				98B377F828CBC8C200B9D702 /* Bankey */,
			);
		};
/* End PBXProject section */

/* Begin PBXResourcesBuildPhase section */
		98B377F728CBC8C200B9D702 /* Resources */ = {
			isa = PBXResourcesBuildPhase;
			buildActionMask = 2147483647;
			files = (
				98B3780928CBC8C600B9D702 /* LaunchScreen.storyboard in Resources */,
				98B3780628CBC8C600B9D702 /* Assets.xcassets in Resources */,
			);
			runOnlyForDeploymentPostprocessing = 0;
		};
/* End PBXResourcesBuildPhase section */

/* Begin PBXSourcesBuildPhase section */
		98B377F528CBC8C200B9D702 /* Sources */ = {
			isa = PBXSourcesBuildPhase;
			buildActionMask = 2147483647;
			files = (
				98A5868A28CEA8A1007B6F37 /* UIViewController+Utils.swift in Sources */,
				98E3E97B28CBFEB8005B3F71 /* LoginView.swift in Sources */,
				98A5868828CE9231007B6F37 /* LocalState.swift in Sources */,
				98A5868528CE8BDD007B6F37 /* DummyViewController.swift in Sources */,
				98B3780128CBC8C200B9D702 /* LoginViewController.swift in Sources */,
				98A5868328CE2DFD007B6F37 /* OnboardingViewController.swift in Sources */,
				98A5868C28CEAAE6007B6F37 /* MainViewController.swift in Sources */,
				98B377FD28CBC8C200B9D702 /* AppDelegate.swift in Sources */,
				98A5868128CE0207007B6F37 /* OnboardingContainerViewController.swift in Sources */,
			);
			runOnlyForDeploymentPostprocessing = 0;
		};
/* End PBXSourcesBuildPhase section */

/* Begin PBXVariantGroup section */
		98B3780728CBC8C600B9D702 /* LaunchScreen.storyboard */ = {
			isa = PBXVariantGroup;
			children = (
				98B3780828CBC8C600B9D702 /* Base */,
			);
			name = LaunchScreen.storyboard;
			sourceTree = "<group>";
		};
/* End PBXVariantGroup section */

/* Begin XCBuildConfiguration section */
		98B3780B28CBC8C600B9D702 /* Debug */ = {
			isa = XCBuildConfiguration;
			buildSettings = {
				ALWAYS_SEARCH_USER_PATHS = NO;
				CLANG_ANALYZER_NONNULL = YES;
				CLANG_ANALYZER_NUMBER_OBJECT_CONVERSION = YES_AGGRESSIVE;
				CLANG_CXX_LANGUAGE_STANDARD = "gnu++17";
				CLANG_ENABLE_MODULES = YES;
				CLANG_ENABLE_OBJC_ARC = YES;
				CLANG_ENABLE_OBJC_WEAK = YES;
				CLANG_WARN_BLOCK_CAPTURE_AUTORELEASING = YES;
				CLANG_WARN_BOOL_CONVERSION = YES;
				CLANG_WARN_COMMA = YES;
				CLANG_WARN_CONSTANT_CONVERSION = YES;
				CLANG_WARN_DEPRECATED_OBJC_IMPLEMENTATIONS = YES;
				CLANG_WARN_DIRECT_OBJC_ISA_USAGE = YES_ERROR;
				CLANG_WARN_DOCUMENTATION_COMMENTS = YES;
				CLANG_WARN_EMPTY_BODY = YES;
				CLANG_WARN_ENUM_CONVERSION = YES;
				CLANG_WARN_INFINITE_RECURSION = YES;
				CLANG_WARN_INT_CONVERSION = YES;
				CLANG_WARN_NON_LITERAL_NULL_CONVERSION = YES;
				CLANG_WARN_OBJC_IMPLICIT_RETAIN_SELF = YES;
				CLANG_WARN_OBJC_LITERAL_CONVERSION = YES;
				CLANG_WARN_OBJC_ROOT_CLASS = YES_ERROR;
				CLANG_WARN_QUOTED_INCLUDE_IN_FRAMEWORK_HEADER = YES;
				CLANG_WARN_RANGE_LOOP_ANALYSIS = YES;
				CLANG_WARN_STRICT_PROTOTYPES = YES;
				CLANG_WARN_SUSPICIOUS_MOVE = YES;
				CLANG_WARN_UNGUARDED_AVAILABILITY = YES_AGGRESSIVE;
				CLANG_WARN_UNREACHABLE_CODE = YES;
				CLANG_WARN__DUPLICATE_METHOD_MATCH = YES;
				COPY_PHASE_STRIP = NO;
				DEBUG_INFORMATION_FORMAT = dwarf;
				ENABLE_STRICT_OBJC_MSGSEND = YES;
				ENABLE_TESTABILITY = YES;
				GCC_C_LANGUAGE_STANDARD = gnu11;
				GCC_DYNAMIC_NO_PIC = NO;
				GCC_NO_COMMON_BLOCKS = YES;
				GCC_OPTIMIZATION_LEVEL = 0;
				GCC_PREPROCESSOR_DEFINITIONS = (
					"DEBUG=1",
					"$(inherited)",
				);
				GCC_WARN_64_TO_32_BIT_CONVERSION = YES;
				GCC_WARN_ABOUT_RETURN_TYPE = YES_ERROR;
				GCC_WARN_UNDECLARED_SELECTOR = YES;
				GCC_WARN_UNINITIALIZED_AUTOS = YES_AGGRESSIVE;
				GCC_WARN_UNUSED_FUNCTION = YES;
				GCC_WARN_UNUSED_VARIABLE = YES;
				IPHONEOS_DEPLOYMENT_TARGET = 15.5;
				MTL_ENABLE_DEBUG_INFO = INCLUDE_SOURCE;
				MTL_FAST_MATH = YES;
				ONLY_ACTIVE_ARCH = YES;
				SDKROOT = iphoneos;
				SWIFT_ACTIVE_COMPILATION_CONDITIONS = DEBUG;
				SWIFT_OPTIMIZATION_LEVEL = "-Onone";
			};
			name = Debug;
		};
		98B3780C28CBC8C600B9D702 /* Release */ = {
			isa = XCBuildConfiguration;
			buildSettings = {
				ALWAYS_SEARCH_USER_PATHS = NO;
				CLANG_ANALYZER_NONNULL = YES;
				CLANG_ANALYZER_NUMBER_OBJECT_CONVERSION = YES_AGGRESSIVE;
				CLANG_CXX_LANGUAGE_STANDARD = "gnu++17";
				CLANG_ENABLE_MODULES = YES;
				CLANG_ENABLE_OBJC_ARC = YES;
				CLANG_ENABLE_OBJC_WEAK = YES;
				CLANG_WARN_BLOCK_CAPTURE_AUTORELEASING = YES;
				CLANG_WARN_BOOL_CONVERSION = YES;
				CLANG_WARN_COMMA = YES;
				CLANG_WARN_CONSTANT_CONVERSION = YES;
				CLANG_WARN_DEPRECATED_OBJC_IMPLEMENTATIONS = YES;
				CLANG_WARN_DIRECT_OBJC_ISA_USAGE = YES_ERROR;
				CLANG_WARN_DOCUMENTATION_COMMENTS = YES;
				CLANG_WARN_EMPTY_BODY = YES;
				CLANG_WARN_ENUM_CONVERSION = YES;
				CLANG_WARN_INFINITE_RECURSION = YES;
				CLANG_WARN_INT_CONVERSION = YES;
				CLANG_WARN_NON_LITERAL_NULL_CONVERSION = YES;
				CLANG_WARN_OBJC_IMPLICIT_RETAIN_SELF = YES;
				CLANG_WARN_OBJC_LITERAL_CONVERSION = YES;
				CLANG_WARN_OBJC_ROOT_CLASS = YES_ERROR;
				CLANG_WARN_QUOTED_INCLUDE_IN_FRAMEWORK_HEADER = YES;
				CLANG_WARN_RANGE_LOOP_ANALYSIS = YES;
				CLANG_WARN_STRICT_PROTOTYPES = YES;
				CLANG_WARN_SUSPICIOUS_MOVE = YES;
				CLANG_WARN_UNGUARDED_AVAILABILITY = YES_AGGRESSIVE;
				CLANG_WARN_UNREACHABLE_CODE = YES;
				CLANG_WARN__DUPLICATE_METHOD_MATCH = YES;
				COPY_PHASE_STRIP = NO;
				DEBUG_INFORMATION_FORMAT = "dwarf-with-dsym";
				ENABLE_NS_ASSERTIONS = NO;
				ENABLE_STRICT_OBJC_MSGSEND = YES;
				GCC_C_LANGUAGE_STANDARD = gnu11;
				GCC_NO_COMMON_BLOCKS = YES;
				GCC_WARN_64_TO_32_BIT_CONVERSION = YES;
				GCC_WARN_ABOUT_RETURN_TYPE = YES_ERROR;
				GCC_WARN_UNDECLARED_SELECTOR = YES;
				GCC_WARN_UNINITIALIZED_AUTOS = YES_AGGRESSIVE;
				GCC_WARN_UNUSED_FUNCTION = YES;
				GCC_WARN_UNUSED_VARIABLE = YES;
				IPHONEOS_DEPLOYMENT_TARGET = 15.5;
				MTL_ENABLE_DEBUG_INFO = NO;
				MTL_FAST_MATH = YES;
				SDKROOT = iphoneos;
				SWIFT_COMPILATION_MODE = wholemodule;
				SWIFT_OPTIMIZATION_LEVEL = "-O";
				VALIDATE_PRODUCT = YES;
			};
			name = Release;
		};
		98B3780E28CBC8C600B9D702 /* Debug */ = {
			isa = XCBuildConfiguration;
			buildSettings = {
				ASSETCATALOG_COMPILER_APPICON_NAME = AppIcon;
				ASSETCATALOG_COMPILER_GLOBAL_ACCENT_COLOR_NAME = AccentColor;
				CODE_SIGN_STYLE = Automatic;
				CURRENT_PROJECT_VERSION = 1;
				DEVELOPMENT_TEAM = YQ4LJ7HW39;
				GENERATE_INFOPLIST_FILE = YES;
				INFOPLIST_FILE = Bankey/Info.plist;
				INFOPLIST_KEY_UIApplicationSupportsIndirectInputEvents = YES;
				INFOPLIST_KEY_UILaunchStoryboardName = LaunchScreen;
				INFOPLIST_KEY_UISupportedInterfaceOrientations_iPad = "UIInterfaceOrientationPortrait UIInterfaceOrientationPortraitUpsideDown UIInterfaceOrientationLandscapeLeft UIInterfaceOrientationLandscapeRight";
				INFOPLIST_KEY_UISupportedInterfaceOrientations_iPhone = "UIInterfaceOrientationPortrait UIInterfaceOrientationLandscapeLeft UIInterfaceOrientationLandscapeRight";
				LD_RUNPATH_SEARCH_PATHS = (
					"$(inherited)",
					"@executable_path/Frameworks",
				);
				MARKETING_VERSION = 1.0;
				PRODUCT_BUNDLE_IDENTIFIER = com.mbugratesdev.Bankey;
				PRODUCT_NAME = "$(TARGET_NAME)";
				SWIFT_EMIT_LOC_STRINGS = YES;
				SWIFT_VERSION = 5.0;
				TARGETED_DEVICE_FAMILY = "1,2";
			};
			name = Debug;
		};
		98B3780F28CBC8C600B9D702 /* Release */ = {
			isa = XCBuildConfiguration;
			buildSettings = {
				ASSETCATALOG_COMPILER_APPICON_NAME = AppIcon;
				ASSETCATALOG_COMPILER_GLOBAL_ACCENT_COLOR_NAME = AccentColor;
				CODE_SIGN_STYLE = Automatic;
				CURRENT_PROJECT_VERSION = 1;
				DEVELOPMENT_TEAM = YQ4LJ7HW39;
				GENERATE_INFOPLIST_FILE = YES;
				INFOPLIST_FILE = Bankey/Info.plist;
				INFOPLIST_KEY_UIApplicationSupportsIndirectInputEvents = YES;
				INFOPLIST_KEY_UILaunchStoryboardName = LaunchScreen;
				INFOPLIST_KEY_UISupportedInterfaceOrientations_iPad = "UIInterfaceOrientationPortrait UIInterfaceOrientationPortraitUpsideDown UIInterfaceOrientationLandscapeLeft UIInterfaceOrientationLandscapeRight";
				INFOPLIST_KEY_UISupportedInterfaceOrientations_iPhone = "UIInterfaceOrientationPortrait UIInterfaceOrientationLandscapeLeft UIInterfaceOrientationLandscapeRight";
				LD_RUNPATH_SEARCH_PATHS = (
					"$(inherited)",
					"@executable_path/Frameworks",
				);
				MARKETING_VERSION = 1.0;
				PRODUCT_BUNDLE_IDENTIFIER = com.mbugratesdev.Bankey;
				PRODUCT_NAME = "$(TARGET_NAME)";
				SWIFT_EMIT_LOC_STRINGS = YES;
				SWIFT_VERSION = 5.0;
				TARGETED_DEVICE_FAMILY = "1,2";
			};
			name = Release;
		};
/* End XCBuildConfiguration section */

/* Begin XCConfigurationList section */
		98B377F428CBC8C200B9D702 /* Build configuration list for PBXProject "Bankey" */ = {
			isa = XCConfigurationList;
			buildConfigurations = (
				98B3780B28CBC8C600B9D702 /* Debug */,
				98B3780C28CBC8C600B9D702 /* Release */,
			);
			defaultConfigurationIsVisible = 0;
			defaultConfigurationName = Release;
		};
		98B3780D28CBC8C600B9D702 /* Build configuration list for PBXNativeTarget "Bankey" */ = {
			isa = XCConfigurationList;
			buildConfigurations = (
				98B3780E28CBC8C600B9D702 /* Debug */,
				98B3780F28CBC8C600B9D702 /* Release */,
			);
			defaultConfigurationIsVisible = 0;
			defaultConfigurationName = Release;
		};
/* End XCConfigurationList section */
	};
	rootObject = 98B377F128CBC8C200B9D702 /* Project object */;
}
