// !$*UTF8*$!
{
	archiveVersion = 1;
	classes = {
	};
	objectVersion = 55;
	objects = {

/* Begin PBXBuildFile section */
		981FB33D28D9138D003350F1 /* UIResponder+Utils.swift in Sources */ = {isa = PBXBuildFile; fileRef = 981FB33C28D9138D003350F1 /* UIResponder+Utils.swift */; };
		9840A53828DA6E6100DD127C /* PasswordCriteriaTests.swift in Sources */ = {isa = PBXBuildFile; fileRef = 9840A53728DA6E6100DD127C /* PasswordCriteriaTests.swift */; };
		9840A53A28DA748C00DD127C /* PasswordStatusViewTests.swift in Sources */ = {isa = PBXBuildFile; fileRef = 9840A53928DA748C00DD127C /* PasswordStatusViewTests.swift */; };
		9840A53C28DA86D900DD127C /* ViewControllerTests.swift in Sources */ = {isa = PBXBuildFile; fileRef = 9840A53B28DA86D900DD127C /* ViewControllerTests.swift */; };
		986177E128D7D5DD0048107B /* PasswordCriteria.swift in Sources */ = {isa = PBXBuildFile; fileRef = 986177E028D7D5DD0048107B /* PasswordCriteria.swift */; };
		98AC50E528D7471A00681120 /* PasswordCriteriaView.swift in Sources */ = {isa = PBXBuildFile; fileRef = 98AC50E428D7471A00681120 /* PasswordCriteriaView.swift */; };
		98AC50E728D7A21A00681120 /* PasswordStatusView.swift in Sources */ = {isa = PBXBuildFile; fileRef = 98AC50E628D7A21A00681120 /* PasswordStatusView.swift */; };
		98F8BDD728D640FC00A081FA /* AppDelegate.swift in Sources */ = {isa = PBXBuildFile; fileRef = 98F8BDD628D640FC00A081FA /* AppDelegate.swift */; };
		98F8BDDB28D640FC00A081FA /* ViewController.swift in Sources */ = {isa = PBXBuildFile; fileRef = 98F8BDDA28D640FC00A081FA /* ViewController.swift */; };
		98F8BDE028D640FD00A081FA /* Assets.xcassets in Resources */ = {isa = PBXBuildFile; fileRef = 98F8BDDF28D640FD00A081FA /* Assets.xcassets */; };
		98F8BDE328D640FD00A081FA /* LaunchScreen.storyboard in Resources */ = {isa = PBXBuildFile; fileRef = 98F8BDE128D640FD00A081FA /* LaunchScreen.storyboard */; };
		98F8BDEC28D64F0300A081FA /* PasswordTextField.swift in Sources */ = {isa = PBXBuildFile; fileRef = 98F8BDEB28D64F0300A081FA /* PasswordTextField.swift */; };
/* End PBXBuildFile section */

/* Begin PBXContainerItemProxy section */
		9840A53228DA6D5E00DD127C /* PBXContainerItemProxy */ = {
			isa = PBXContainerItemProxy;
			containerPortal = 98F8BDCB28D640FC00A081FA /* Project object */;
			proxyType = 1;
			remoteGlobalIDString = 98F8BDD228D640FC00A081FA;
			remoteInfo = Password;
		};
/* End PBXContainerItemProxy section */

/* Begin PBXFileReference section */
		981FB33C28D9138D003350F1 /* UIResponder+Utils.swift */ = {isa = PBXFileReference; lastKnownFileType = sourcecode.swift; path = "UIResponder+Utils.swift"; sourceTree = "<group>"; };
		9840A52E28DA6D5E00DD127C /* PasswordTests.xctest */ = {isa = PBXFileReference; explicitFileType = wrapper.cfbundle; includeInIndex = 0; path = PasswordTests.xctest; sourceTree = BUILT_PRODUCTS_DIR; };
		9840A53728DA6E6100DD127C /* PasswordCriteriaTests.swift */ = {isa = PBXFileReference; lastKnownFileType = sourcecode.swift; path = PasswordCriteriaTests.swift; sourceTree = "<group>"; };
		9840A53928DA748C00DD127C /* PasswordStatusViewTests.swift */ = {isa = PBXFileReference; lastKnownFileType = sourcecode.swift; path = PasswordStatusViewTests.swift; sourceTree = "<group>"; };
		9840A53B28DA86D900DD127C /* ViewControllerTests.swift */ = {isa = PBXFileReference; lastKnownFileType = sourcecode.swift; path = ViewControllerTests.swift; sourceTree = "<group>"; };
		986177E028D7D5DD0048107B /* PasswordCriteria.swift */ = {isa = PBXFileReference; lastKnownFileType = sourcecode.swift; path = PasswordCriteria.swift; sourceTree = "<group>"; };
		98AC50E428D7471A00681120 /* PasswordCriteriaView.swift */ = {isa = PBXFileReference; lastKnownFileType = sourcecode.swift; path = PasswordCriteriaView.swift; sourceTree = "<group>"; };
		98AC50E628D7A21A00681120 /* PasswordStatusView.swift */ = {isa = PBXFileReference; lastKnownFileType = sourcecode.swift; path = PasswordStatusView.swift; sourceTree = "<group>"; };
		98F8BDD328D640FC00A081FA /* Password.app */ = {isa = PBXFileReference; explicitFileType = wrapper.application; includeInIndex = 0; path = Password.app; sourceTree = BUILT_PRODUCTS_DIR; };
		98F8BDD628D640FC00A081FA /* AppDelegate.swift */ = {isa = PBXFileReference; lastKnownFileType = sourcecode.swift; path = AppDelegate.swift; sourceTree = "<group>"; };
		98F8BDDA28D640FC00A081FA /* ViewController.swift */ = {isa = PBXFileReference; lastKnownFileType = sourcecode.swift; path = ViewController.swift; sourceTree = "<group>"; };
		98F8BDDF28D640FD00A081FA /* Assets.xcassets */ = {isa = PBXFileReference; lastKnownFileType = folder.assetcatalog; path = Assets.xcassets; sourceTree = "<group>"; };
		98F8BDE228D640FD00A081FA /* Base */ = {isa = PBXFileReference; lastKnownFileType = file.storyboard; name = Base; path = Base.lproj/LaunchScreen.storyboard; sourceTree = "<group>"; };
		98F8BDE428D640FD00A081FA /* Info.plist */ = {isa = PBXFileReference; lastKnownFileType = text.plist.xml; path = Info.plist; sourceTree = "<group>"; };
		98F8BDEB28D64F0300A081FA /* PasswordTextField.swift */ = {isa = PBXFileReference; lastKnownFileType = sourcecode.swift; path = PasswordTextField.swift; sourceTree = "<group>"; };
/* End PBXFileReference section */

/* Begin PBXFrameworksBuildPhase section */
		9840A52B28DA6D5E00DD127C /* Frameworks */ = {
			isa = PBXFrameworksBuildPhase;
			buildActionMask = 2147483647;
			files = (
			);
			runOnlyForDeploymentPostprocessing = 0;
		};
		98F8BDD028D640FC00A081FA /* Frameworks */ = {
			isa = PBXFrameworksBuildPhase;
			buildActionMask = 2147483647;
			files = (
			);
			runOnlyForDeploymentPostprocessing = 0;
		};
/* End PBXFrameworksBuildPhase section */

/* Begin PBXGroup section */
		981FB33B28D91382003350F1 /* Utils */ = {
			isa = PBXGroup;
			children = (
				981FB33C28D9138D003350F1 /* UIResponder+Utils.swift */,
			);
			path = Utils;
			sourceTree = "<group>";
		};
		9840A52F28DA6D5E00DD127C /* PasswordTests */ = {
			isa = PBXGroup;
			children = (
				9840A53728DA6E6100DD127C /* PasswordCriteriaTests.swift */,
				9840A53928DA748C00DD127C /* PasswordStatusViewTests.swift */,
				9840A53B28DA86D900DD127C /* ViewControllerTests.swift */,
			);
			path = PasswordTests;
			sourceTree = "<group>";
		};
		98AC50E328D746E500681120 /* PasswordStatusView */ = {
			isa = PBXGroup;
			children = (
				98AC50E428D7471A00681120 /* PasswordCriteriaView.swift */,
				98AC50E628D7A21A00681120 /* PasswordStatusView.swift */,
				986177E028D7D5DD0048107B /* PasswordCriteria.swift */,
			);
			path = PasswordStatusView;
			sourceTree = "<group>";
		};
		98F8BDCA28D640FC00A081FA = {
			isa = PBXGroup;
			children = (
				98F8BDD528D640FC00A081FA /* Password */,
				9840A52F28DA6D5E00DD127C /* PasswordTests */,
				98F8BDD428D640FC00A081FA /* Products */,
			);
			sourceTree = "<group>";
		};
		98F8BDD428D640FC00A081FA /* Products */ = {
			isa = PBXGroup;
			children = (
				98F8BDD328D640FC00A081FA /* Password.app */,
				9840A52E28DA6D5E00DD127C /* PasswordTests.xctest */,
			);
			name = Products;
			sourceTree = "<group>";
		};
		98F8BDD528D640FC00A081FA /* Password */ = {
			isa = PBXGroup;
			children = (
				98F8BDD628D640FC00A081FA /* AppDelegate.swift */,
				98F8BDDA28D640FC00A081FA /* ViewController.swift */,
				98F8BDEB28D64F0300A081FA /* PasswordTextField.swift */,
				981FB33B28D91382003350F1 /* Utils */,
				98AC50E328D746E500681120 /* PasswordStatusView */,
				98F8BDEA28D641C700A081FA /* Files */,
			);
			path = Password;
			sourceTree = "<group>";
		};
		98F8BDEA28D641C700A081FA /* Files */ = {
			isa = PBXGroup;
			children = (
				98F8BDDF28D640FD00A081FA /* Assets.xcassets */,
				98F8BDE128D640FD00A081FA /* LaunchScreen.storyboard */,
				98F8BDE428D640FD00A081FA /* Info.plist */,
			);
			name = Files;
			sourceTree = "<group>";
		};
/* End PBXGroup section */

/* Begin PBXNativeTarget section */
		9840A52D28DA6D5E00DD127C /* PasswordTests */ = {
			isa = PBXNativeTarget;
			buildConfigurationList = 9840A53628DA6D5E00DD127C /* Build configuration list for PBXNativeTarget "PasswordTests" */;
			buildPhases = (
				9840A52A28DA6D5E00DD127C /* Sources */,
				9840A52B28DA6D5E00DD127C /* Frameworks */,
				9840A52C28DA6D5E00DD127C /* Resources */,
			);
			buildRules = (
			);
			dependencies = (
				9840A53328DA6D5E00DD127C /* PBXTargetDependency */,
			);
			name = PasswordTests;
			productName = PasswordTests;
			productReference = 9840A52E28DA6D5E00DD127C /* PasswordTests.xctest */;
			productType = "com.apple.product-type.bundle.unit-test";
		};
		98F8BDD228D640FC00A081FA /* Password */ = {
			isa = PBXNativeTarget;
			buildConfigurationList = 98F8BDE728D640FD00A081FA /* Build configuration list for PBXNativeTarget "Password" */;
			buildPhases = (
				98F8BDCF28D640FC00A081FA /* Sources */,
				98F8BDD028D640FC00A081FA /* Frameworks */,
				98F8BDD128D640FC00A081FA /* Resources */,
			);
			buildRules = (
			);
			dependencies = (
			);
			name = Password;
			productName = Password;
			productReference = 98F8BDD328D640FC00A081FA /* Password.app */;
			productType = "com.apple.product-type.application";
		};
/* End PBXNativeTarget section */

/* Begin PBXProject section */
		98F8BDCB28D640FC00A081FA /* Project object */ = {
			isa = PBXProject;
			attributes = {
				BuildIndependentTargetsInParallel = 1;
				LastSwiftUpdateCheck = 1340;
				LastUpgradeCheck = 1340;
				TargetAttributes = {
					9840A52D28DA6D5E00DD127C = {
						CreatedOnToolsVersion = 13.4.1;
						LastSwiftMigration = 1340;
						TestTargetID = 98F8BDD228D640FC00A081FA;
					};
					98F8BDD228D640FC00A081FA = {
						CreatedOnToolsVersion = 13.4.1;
					};
				};
			};
			buildConfigurationList = 98F8BDCE28D640FC00A081FA /* Build configuration list for PBXProject "Password" */;
			compatibilityVersion = "Xcode 13.0";
			developmentRegion = en;
			hasScannedForEncodings = 0;
			knownRegions = (
				en,
				Base,
			);
			mainGroup = 98F8BDCA28D640FC00A081FA;
			productRefGroup = 98F8BDD428D640FC00A081FA /* Products */;
			projectDirPath = "";
			projectRoot = "";
			targets = (
				98F8BDD228D640FC00A081FA /* Password */,
				9840A52D28DA6D5E00DD127C /* PasswordTests */,
			);
		};
/* End PBXProject section */

/* Begin PBXResourcesBuildPhase section */
		9840A52C28DA6D5E00DD127C /* Resources */ = {
			isa = PBXResourcesBuildPhase;
			buildActionMask = 2147483647;
			files = (
			);
			runOnlyForDeploymentPostprocessing = 0;
		};
		98F8BDD128D640FC00A081FA /* Resources */ = {
			isa = PBXResourcesBuildPhase;
			buildActionMask = 2147483647;
			files = (
				98F8BDE328D640FD00A081FA /* LaunchScreen.storyboard in Resources */,
				98F8BDE028D640FD00A081FA /* Assets.xcassets in Resources */,
			);
			runOnlyForDeploymentPostprocessing = 0;
		};
/* End PBXResourcesBuildPhase section */

/* Begin PBXSourcesBuildPhase section */
		9840A52A28DA6D5E00DD127C /* Sources */ = {
			isa = PBXSourcesBuildPhase;
			buildActionMask = 2147483647;
			files = (
				9840A53C28DA86D900DD127C /* ViewControllerTests.swift in Sources */,
				9840A53828DA6E6100DD127C /* PasswordCriteriaTests.swift in Sources */,
				9840A53A28DA748C00DD127C /* PasswordStatusViewTests.swift in Sources */,
			);
			runOnlyForDeploymentPostprocessing = 0;
		};
		98F8BDCF28D640FC00A081FA /* Sources */ = {
			isa = PBXSourcesBuildPhase;
			buildActionMask = 2147483647;
			files = (
				98F8BDDB28D640FC00A081FA /* ViewController.swift in Sources */,
				981FB33D28D9138D003350F1 /* UIResponder+Utils.swift in Sources */,
				986177E128D7D5DD0048107B /* PasswordCriteria.swift in Sources */,
				98F8BDD728D640FC00A081FA /* AppDelegate.swift in Sources */,
				98AC50E528D7471A00681120 /* PasswordCriteriaView.swift in Sources */,
				98AC50E728D7A21A00681120 /* PasswordStatusView.swift in Sources */,
				98F8BDEC28D64F0300A081FA /* PasswordTextField.swift in Sources */,
			);
			runOnlyForDeploymentPostprocessing = 0;
		};
/* End PBXSourcesBuildPhase section */

/* Begin PBXTargetDependency section */
		9840A53328DA6D5E00DD127C /* PBXTargetDependency */ = {
			isa = PBXTargetDependency;
			target = 98F8BDD228D640FC00A081FA /* Password */;
			targetProxy = 9840A53228DA6D5E00DD127C /* PBXContainerItemProxy */;
		};
/* End PBXTargetDependency section */

/* Begin PBXVariantGroup section */
		98F8BDE128D640FD00A081FA /* LaunchScreen.storyboard */ = {
			isa = PBXVariantGroup;
			children = (
				98F8BDE228D640FD00A081FA /* Base */,
			);
			name = LaunchScreen.storyboard;
			sourceTree = "<group>";
		};
/* End PBXVariantGroup section */

/* Begin XCBuildConfiguration section */
		9840A53428DA6D5E00DD127C /* Debug */ = {
			isa = XCBuildConfiguration;
			buildSettings = {
				BUNDLE_LOADER = "$(TEST_HOST)";
				CLANG_ENABLE_MODULES = YES;
				CODE_SIGN_STYLE = Automatic;
				CURRENT_PROJECT_VERSION = 1;
				DEVELOPMENT_TEAM = YQ4LJ7HW39;
				GENERATE_INFOPLIST_FILE = YES;
				LD_RUNPATH_SEARCH_PATHS = (
					"$(inherited)",
					"@executable_path/Frameworks",
					"@loader_path/Frameworks",
				);
				MARKETING_VERSION = 1.0;
				PRODUCT_BUNDLE_IDENTIFIER = com.mbugratesdev.PasswordTests;
				PRODUCT_NAME = "$(TARGET_NAME)";
				SWIFT_EMIT_LOC_STRINGS = NO;
				SWIFT_OPTIMIZATION_LEVEL = "-Onone";
				SWIFT_VERSION = 5.0;
				TARGETED_DEVICE_FAMILY = "1,2";
				TEST_HOST = "$(BUILT_PRODUCTS_DIR)/Password.app/Password";
			};
			name = Debug;
		};
		9840A53528DA6D5E00DD127C /* Release */ = {
			isa = XCBuildConfiguration;
			buildSettings = {
				BUNDLE_LOADER = "$(TEST_HOST)";
				CLANG_ENABLE_MODULES = YES;
				CODE_SIGN_STYLE = Automatic;
				CURRENT_PROJECT_VERSION = 1;
				DEVELOPMENT_TEAM = YQ4LJ7HW39;
				GENERATE_INFOPLIST_FILE = YES;
				LD_RUNPATH_SEARCH_PATHS = (
					"$(inherited)",
					"@executable_path/Frameworks",
					"@loader_path/Frameworks",
				);
				MARKETING_VERSION = 1.0;
				PRODUCT_BUNDLE_IDENTIFIER = com.mbugratesdev.PasswordTests;
				PRODUCT_NAME = "$(TARGET_NAME)";
				SWIFT_EMIT_LOC_STRINGS = NO;
				SWIFT_VERSION = 5.0;
				TARGETED_DEVICE_FAMILY = "1,2";
				TEST_HOST = "$(BUILT_PRODUCTS_DIR)/Password.app/Password";
			};
			name = Release;
		};
		98F8BDE528D640FD00A081FA /* Debug */ = {
			isa = XCBuildConfiguration;
			buildSettings = {
				ALWAYS_SEARCH_USER_PATHS = NO;
				CLANG_ANALYZER_NONNULL = YES;
				CLANG_ANALYZER_NUMBER_OBJECT_CONVERSION = YES_AGGRESSIVE;
				CLANG_CXX_LANGUAGE_STANDARD = "gnu++17";
				CLANG_ENABLE_MODULES = YES;
				CLANG_ENABLE_OBJC_ARC = YES;
				CLANG_ENABLE_OBJC_WEAK = YES;
				CLANG_WARN_BLOCK_CAPTURE_AUTORELEASING = YES;
				CLANG_WARN_BOOL_CONVERSION = YES;
				CLANG_WARN_COMMA = YES;
				CLANG_WARN_CONSTANT_CONVERSION = YES;
				CLANG_WARN_DEPRECATED_OBJC_IMPLEMENTATIONS = YES;
				CLANG_WARN_DIRECT_OBJC_ISA_USAGE = YES_ERROR;
				CLANG_WARN_DOCUMENTATION_COMMENTS = YES;
				CLANG_WARN_EMPTY_BODY = YES;
				CLANG_WARN_ENUM_CONVERSION = YES;
				CLANG_WARN_INFINITE_RECURSION = YES;
				CLANG_WARN_INT_CONVERSION = YES;
				CLANG_WARN_NON_LITERAL_NULL_CONVERSION = YES;
				CLANG_WARN_OBJC_IMPLICIT_RETAIN_SELF = YES;
				CLANG_WARN_OBJC_LITERAL_CONVERSION = YES;
				CLANG_WARN_OBJC_ROOT_CLASS = YES_ERROR;
				CLANG_WARN_QUOTED_INCLUDE_IN_FRAMEWORK_HEADER = YES;
				CLANG_WARN_RANGE_LOOP_ANALYSIS = YES;
				CLANG_WARN_STRICT_PROTOTYPES = YES;
				CLANG_WARN_SUSPICIOUS_MOVE = YES;
				CLANG_WARN_UNGUARDED_AVAILABILITY = YES_AGGRESSIVE;
				CLANG_WARN_UNREACHABLE_CODE = YES;
				CLANG_WARN__DUPLICATE_METHOD_MATCH = YES;
				COPY_PHASE_STRIP = NO;
				DEBUG_INFORMATION_FORMAT = dwarf;
				ENABLE_STRICT_OBJC_MSGSEND = YES;
				ENABLE_TESTABILITY = YES;
				GCC_C_LANGUAGE_STANDARD = gnu11;
				GCC_DYNAMIC_NO_PIC = NO;
				GCC_NO_COMMON_BLOCKS = YES;
				GCC_OPTIMIZATION_LEVEL = 0;
				GCC_PREPROCESSOR_DEFINITIONS = (
					"DEBUG=1",
					"$(inherited)",
				);
				GCC_WARN_64_TO_32_BIT_CONVERSION = YES;
				GCC_WARN_ABOUT_RETURN_TYPE = YES_ERROR;
				GCC_WARN_UNDECLARED_SELECTOR = YES;
				GCC_WARN_UNINITIALIZED_AUTOS = YES_AGGRESSIVE;
				GCC_WARN_UNUSED_FUNCTION = YES;
				GCC_WARN_UNUSED_VARIABLE = YES;
				IPHONEOS_DEPLOYMENT_TARGET = 15.5;
				MTL_ENABLE_DEBUG_INFO = INCLUDE_SOURCE;
				MTL_FAST_MATH = YES;
				ONLY_ACTIVE_ARCH = YES;
				SDKROOT = iphoneos;
				SWIFT_ACTIVE_COMPILATION_CONDITIONS = DEBUG;
				SWIFT_OPTIMIZATION_LEVEL = "-Onone";
			};
			name = Debug;
		};
		98F8BDE628D640FD00A081FA /* Release */ = {
			isa = XCBuildConfiguration;
			buildSettings = {
				ALWAYS_SEARCH_USER_PATHS = NO;
				CLANG_ANALYZER_NONNULL = YES;
				CLANG_ANALYZER_NUMBER_OBJECT_CONVERSION = YES_AGGRESSIVE;
				CLANG_CXX_LANGUAGE_STANDARD = "gnu++17";
				CLANG_ENABLE_MODULES = YES;
				CLANG_ENABLE_OBJC_ARC = YES;
				CLANG_ENABLE_OBJC_WEAK = YES;
				CLANG_WARN_BLOCK_CAPTURE_AUTORELEASING = YES;
				CLANG_WARN_BOOL_CONVERSION = YES;
				CLANG_WARN_COMMA = YES;
				CLANG_WARN_CONSTANT_CONVERSION = YES;
				CLANG_WARN_DEPRECATED_OBJC_IMPLEMENTATIONS = YES;
				CLANG_WARN_DIRECT_OBJC_ISA_USAGE = YES_ERROR;
				CLANG_WARN_DOCUMENTATION_COMMENTS = YES;
				CLANG_WARN_EMPTY_BODY = YES;
				CLANG_WARN_ENUM_CONVERSION = YES;
				CLANG_WARN_INFINITE_RECURSION = YES;
				CLANG_WARN_INT_CONVERSION = YES;
				CLANG_WARN_NON_LITERAL_NULL_CONVERSION = YES;
				CLANG_WARN_OBJC_IMPLICIT_RETAIN_SELF = YES;
				CLANG_WARN_OBJC_LITERAL_CONVERSION = YES;
				CLANG_WARN_OBJC_ROOT_CLASS = YES_ERROR;
				CLANG_WARN_QUOTED_INCLUDE_IN_FRAMEWORK_HEADER = YES;
				CLANG_WARN_RANGE_LOOP_ANALYSIS = YES;
				CLANG_WARN_STRICT_PROTOTYPES = YES;
				CLANG_WARN_SUSPICIOUS_MOVE = YES;
				CLANG_WARN_UNGUARDED_AVAILABILITY = YES_AGGRESSIVE;
				CLANG_WARN_UNREACHABLE_CODE = YES;
				CLANG_WARN__DUPLICATE_METHOD_MATCH = YES;
				COPY_PHASE_STRIP = NO;
				DEBUG_INFORMATION_FORMAT = "dwarf-with-dsym";
				ENABLE_NS_ASSERTIONS = NO;
				ENABLE_STRICT_OBJC_MSGSEND = YES;
				GCC_C_LANGUAGE_STANDARD = gnu11;
				GCC_NO_COMMON_BLOCKS = YES;
				GCC_WARN_64_TO_32_BIT_CONVERSION = YES;
				GCC_WARN_ABOUT_RETURN_TYPE = YES_ERROR;
				GCC_WARN_UNDECLARED_SELECTOR = YES;
				GCC_WARN_UNINITIALIZED_AUTOS = YES_AGGRESSIVE;
				GCC_WARN_UNUSED_FUNCTION = YES;
				GCC_WARN_UNUSED_VARIABLE = YES;
				IPHONEOS_DEPLOYMENT_TARGET = 15.5;
				MTL_ENABLE_DEBUG_INFO = NO;
				MTL_FAST_MATH = YES;
				SDKROOT = iphoneos;
				SWIFT_COMPILATION_MODE = wholemodule;
				SWIFT_OPTIMIZATION_LEVEL = "-O";
				VALIDATE_PRODUCT = YES;
			};
			name = Release;
		};
		98F8BDE828D640FD00A081FA /* Debug */ = {
			isa = XCBuildConfiguration;
			buildSettings = {
				ASSETCATALOG_COMPILER_APPICON_NAME = AppIcon;
				ASSETCATALOG_COMPILER_GLOBAL_ACCENT_COLOR_NAME = AccentColor;
				CODE_SIGN_STYLE = Automatic;
				CURRENT_PROJECT_VERSION = 1;
				DEVELOPMENT_TEAM = YQ4LJ7HW39;
				GENERATE_INFOPLIST_FILE = YES;
				INFOPLIST_FILE = Password/Info.plist;
				INFOPLIST_KEY_UIApplicationSupportsIndirectInputEvents = YES;
				INFOPLIST_KEY_UILaunchStoryboardName = LaunchScreen;
				INFOPLIST_KEY_UISupportedInterfaceOrientations_iPad = "UIInterfaceOrientationPortrait UIInterfaceOrientationPortraitUpsideDown UIInterfaceOrientationLandscapeLeft UIInterfaceOrientationLandscapeRight";
				INFOPLIST_KEY_UISupportedInterfaceOrientations_iPhone = "UIInterfaceOrientationPortrait UIInterfaceOrientationLandscapeLeft UIInterfaceOrientationLandscapeRight";
				LD_RUNPATH_SEARCH_PATHS = (
					"$(inherited)",
					"@executable_path/Frameworks",
				);
				MARKETING_VERSION = 1.0;
				PRODUCT_BUNDLE_IDENTIFIER = com.mbugratesdev.Password;
				PRODUCT_NAME = "$(TARGET_NAME)";
				SWIFT_EMIT_LOC_STRINGS = YES;
				SWIFT_VERSION = 5.0;
				TARGETED_DEVICE_FAMILY = "1,2";
			};
			name = Debug;
		};
		98F8BDE928D640FD00A081FA /* Release */ = {
			isa = XCBuildConfiguration;
			buildSettings = {
				ASSETCATALOG_COMPILER_APPICON_NAME = AppIcon;
				ASSETCATALOG_COMPILER_GLOBAL_ACCENT_COLOR_NAME = AccentColor;
				CODE_SIGN_STYLE = Automatic;
				CURRENT_PROJECT_VERSION = 1;
				DEVELOPMENT_TEAM = YQ4LJ7HW39;
				GENERATE_INFOPLIST_FILE = YES;
				INFOPLIST_FILE = Password/Info.plist;
				INFOPLIST_KEY_UIApplicationSupportsIndirectInputEvents = YES;
				INFOPLIST_KEY_UILaunchStoryboardName = LaunchScreen;
				INFOPLIST_KEY_UISupportedInterfaceOrientations_iPad = "UIInterfaceOrientationPortrait UIInterfaceOrientationPortraitUpsideDown UIInterfaceOrientationLandscapeLeft UIInterfaceOrientationLandscapeRight";
				INFOPLIST_KEY_UISupportedInterfaceOrientations_iPhone = "UIInterfaceOrientationPortrait UIInterfaceOrientationLandscapeLeft UIInterfaceOrientationLandscapeRight";
				LD_RUNPATH_SEARCH_PATHS = (
					"$(inherited)",
					"@executable_path/Frameworks",
				);
				MARKETING_VERSION = 1.0;
				PRODUCT_BUNDLE_IDENTIFIER = com.mbugratesdev.Password;
				PRODUCT_NAME = "$(TARGET_NAME)";
				SWIFT_EMIT_LOC_STRINGS = YES;
				SWIFT_VERSION = 5.0;
				TARGETED_DEVICE_FAMILY = "1,2";
			};
			name = Release;
		};
/* End XCBuildConfiguration section */

/* Begin XCConfigurationList section */
		9840A53628DA6D5E00DD127C /* Build configuration list for PBXNativeTarget "PasswordTests" */ = {
			isa = XCConfigurationList;
			buildConfigurations = (
				9840A53428DA6D5E00DD127C /* Debug */,
				9840A53528DA6D5E00DD127C /* Release */,
			);
			defaultConfigurationIsVisible = 0;
			defaultConfigurationName = Release;
		};
		98F8BDCE28D640FC00A081FA /* Build configuration list for PBXProject "Password" */ = {
			isa = XCConfigurationList;
			buildConfigurations = (
				98F8BDE528D640FD00A081FA /* Debug */,
				98F8BDE628D640FD00A081FA /* Release */,
			);
			defaultConfigurationIsVisible = 0;
			defaultConfigurationName = Release;
		};
		98F8BDE728D640FD00A081FA /* Build configuration list for PBXNativeTarget "Password" */ = {
			isa = XCConfigurationList;
			buildConfigurations = (
				98F8BDE828D640FD00A081FA /* Debug */,
				98F8BDE928D640FD00A081FA /* Release */,
			);
			defaultConfigurationIsVisible = 0;
			defaultConfigurationName = Release;
		};
/* End XCConfigurationList section */
	};
	rootObject = 98F8BDCB28D640FC00A081FA /* Project object */;
}
